
Microsoft Visual Studio Solution File, Format Version 12.00
Project("{FAE04EC0-301F-11D3-BF4B-00C04F79EFBC}") = "ProjetoIdentity", "ProjetoIdentity.csproj", "{567513CA-1D79-49C1-A0F1-82F928309E8C}"
EndProject
Global
	GlobalSection(SolutionConfigurationPlatforms) = preSolution
		Debug|Any CPU = Debug|Any CPU
		Release|Any CPU = Release|Any CPU
	EndGlobalSection
	GlobalSection(ProjectConfigurationPlatforms) = postSolution
		{567513CA-1D79-49C1-A0F1-82F928309E8C}.Debug|Any CPU.ActiveCfg = Debug|Any CPU
		{567513CA-1D79-49C1-A0F1-82F928309E8C}.Debug|Any CPU.Build.0 = Debug|Any CPU
		{567513CA-1D79-49C1-A0F1-82F928309E8C}.Release|Any CPU.ActiveCfg = Release|Any CPU
		{567513CA-1D79-49C1-A0F1-82F928309E8C}.Release|Any CPU.Build.0 = Release|Any CPU
	EndGlobalSection
EndGlobal
